
Microsoft Visual Studio Solution File, Format Version 12.00
# Visual Studio 14
VisualStudioVersion = 14.0.24720.0
MinimumVisualStudioVersion = 10.0.40219.1
Project("{2150E333-8FDC-42A3-9474-1A3956D46DE8}") = "3. Dominio", "3. Dominio", "{BD9EBD02-3C66-4D7A-B360-8FE9B4A5A06A}"
EndProject
Project("{FAE04EC0-301F-11D3-BF4B-00C04F79EFBC}") = "dominio", "src\dominio\dominio.csproj", "{3A391B3D-D977-44F7-813A-B903DB0EE072}"
EndProject
Project("{2150E333-8FDC-42A3-9474-1A3956D46DE8}") = "5. Testes", "5. Testes", "{6AAB92B3-E1AE-4B58-9697-147077E922E6}"
EndProject
Project("{FAE04EC0-301F-11D3-BF4B-00C04F79EFBC}") = "dominio.tests", "tests\dominio.tests\dominio.tests.csproj", "{8A5654D3-7249-443F-B806-604726ABD3E7}"
EndProject
Project("{2150E333-8FDC-42A3-9474-1A3956D46DE8}") = "4. Infraestrutura", "4. Infraestrutura", "{CB729C33-795B-4286-9685-2B857AEDB7A6}"
EndProject
Project("{FAE04EC0-301F-11D3-BF4B-00C04F79EFBC}") = "infra", "src\infra\infra.csproj", "{03F77373-A3B1-4C3A-9B6E-8044BACB9E4C}"
EndProject
Project("{FAE04EC0-301F-11D3-BF4B-00C04F79EFBC}") = "infra.data.entityframework", "src\infra.data.entityframework\infra.data.entityframework.csproj", "{065778E5-7FB8-47D9-8F1F-770223975B6D}"
EndProject
Project("{2150E333-8FDC-42A3-9474-1A3956D46DE8}") = "0. Interface", "0. Interface", "{740518BD-9FB3-4C5E-8EF0-6F05477B3429}"
EndProject
Project("{2150E333-8FDC-42A3-9474-1A3956D46DE8}") = "1. Api", "1. Api", "{3C703580-14EC-4383-B38D-82896C3FA72E}"
EndProject
Project("{2150E333-8FDC-42A3-9474-1A3956D46DE8}") = "2. Aplicacao", "2. Aplicacao", "{6B4F6AD1-669A-4BD6-9431-C7F8FFF753CF}"
EndProject
Project("{FAE04EC0-301F-11D3-BF4B-00C04F79EFBC}") = "web.api", "src\web.api\web.api.csproj", "{4FE4A5B5-8DBD-4C82-9324-13D017B404D5}"
EndProject
Project("{FAE04EC0-301F-11D3-BF4B-00C04F79EFBC}") = "infra.ioc", "src\infra.ioc\infra.ioc.csproj", "{8E839000-9CBF-4C60-AE06-D879FACC6420}"
EndProject
Project("{FAE04EC0-301F-11D3-BF4B-00C04F79EFBC}") = "infra.interfaces", "src\infra.interfaces\infra.interfaces.csproj", "{9A97464D-C946-4C8C-8DA1-AA80CCD2C7E3}"
EndProject
Project("{FAE04EC0-301F-11D3-BF4B-00C04F79EFBC}") = "aplicacao", "src\aplicacao\aplicacao.csproj", "{7EC9AA82-1377-443F-B7C1-128175B2CE81}"
EndProject
Project("{FAE04EC0-301F-11D3-BF4B-00C04F79EFBC}") = "web.angularjs", "src\web.angularjs\web.angularjs.csproj", "{79B7F32E-7B92-49AD-AD7D-DA693FE4D78F}"
EndProject
Global
	GlobalSection(SolutionConfigurationPlatforms) = preSolution
		Debug|Any CPU = Debug|Any CPU
		Release|Any CPU = Release|Any CPU
	EndGlobalSection
	GlobalSection(ProjectConfigurationPlatforms) = postSolution
		{3A391B3D-D977-44F7-813A-B903DB0EE072}.Debug|Any CPU.ActiveCfg = Debug|Any CPU
		{3A391B3D-D977-44F7-813A-B903DB0EE072}.Debug|Any CPU.Build.0 = Debug|Any CPU
		{3A391B3D-D977-44F7-813A-B903DB0EE072}.Release|Any CPU.ActiveCfg = Release|Any CPU
		{3A391B3D-D977-44F7-813A-B903DB0EE072}.Release|Any CPU.Build.0 = Release|Any CPU
		{8A5654D3-7249-443F-B806-604726ABD3E7}.Debug|Any CPU.ActiveCfg = Debug|Any CPU
		{8A5654D3-7249-443F-B806-604726ABD3E7}.Debug|Any CPU.Build.0 = Debug|Any CPU
		{8A5654D3-7249-443F-B806-604726ABD3E7}.Release|Any CPU.ActiveCfg = Release|Any CPU
		{8A5654D3-7249-443F-B806-604726ABD3E7}.Release|Any CPU.Build.0 = Release|Any CPU
		{03F77373-A3B1-4C3A-9B6E-8044BACB9E4C}.Debug|Any CPU.ActiveCfg = Debug|Any CPU
		{03F77373-A3B1-4C3A-9B6E-8044BACB9E4C}.Debug|Any CPU.Build.0 = Debug|Any CPU
		{03F77373-A3B1-4C3A-9B6E-8044BACB9E4C}.Release|Any CPU.ActiveCfg = Release|Any CPU
		{03F77373-A3B1-4C3A-9B6E-8044BACB9E4C}.Release|Any CPU.Build.0 = Release|Any CPU
		{065778E5-7FB8-47D9-8F1F-770223975B6D}.Debug|Any CPU.ActiveCfg = Debug|Any CPU
		{065778E5-7FB8-47D9-8F1F-770223975B6D}.Debug|Any CPU.Build.0 = Debug|Any CPU
		{065778E5-7FB8-47D9-8F1F-770223975B6D}.Release|Any CPU.ActiveCfg = Release|Any CPU
		{065778E5-7FB8-47D9-8F1F-770223975B6D}.Release|Any CPU.Build.0 = Release|Any CPU
		{4FE4A5B5-8DBD-4C82-9324-13D017B404D5}.Debug|Any CPU.ActiveCfg = Debug|Any CPU
		{4FE4A5B5-8DBD-4C82-9324-13D017B404D5}.Debug|Any CPU.Build.0 = Debug|Any CPU
		{4FE4A5B5-8DBD-4C82-9324-13D017B404D5}.Release|Any CPU.ActiveCfg = Release|Any CPU
		{4FE4A5B5-8DBD-4C82-9324-13D017B404D5}.Release|Any CPU.Build.0 = Release|Any CPU
		{8E839000-9CBF-4C60-AE06-D879FACC6420}.Debug|Any CPU.ActiveCfg = Debug|Any CPU
		{8E839000-9CBF-4C60-AE06-D879FACC6420}.Debug|Any CPU.Build.0 = Debug|Any CPU
		{8E839000-9CBF-4C60-AE06-D879FACC6420}.Release|Any CPU.ActiveCfg = Release|Any CPU
		{8E839000-9CBF-4C60-AE06-D879FACC6420}.Release|Any CPU.Build.0 = Release|Any CPU
		{9A97464D-C946-4C8C-8DA1-AA80CCD2C7E3}.Debug|Any CPU.ActiveCfg = Debug|Any CPU
		{9A97464D-C946-4C8C-8DA1-AA80CCD2C7E3}.Debug|Any CPU.Build.0 = Debug|Any CPU
		{9A97464D-C946-4C8C-8DA1-AA80CCD2C7E3}.Release|Any CPU.ActiveCfg = Release|Any CPU
		{9A97464D-C946-4C8C-8DA1-AA80CCD2C7E3}.Release|Any CPU.Build.0 = Release|Any CPU
		{7EC9AA82-1377-443F-B7C1-128175B2CE81}.Debug|Any CPU.ActiveCfg = Debug|Any CPU
		{7EC9AA82-1377-443F-B7C1-128175B2CE81}.Debug|Any CPU.Build.0 = Debug|Any CPU
		{7EC9AA82-1377-443F-B7C1-128175B2CE81}.Release|Any CPU.ActiveCfg = Release|Any CPU
		{7EC9AA82-1377-443F-B7C1-128175B2CE81}.Release|Any CPU.Build.0 = Release|Any CPU
		{79B7F32E-7B92-49AD-AD7D-DA693FE4D78F}.Debug|Any CPU.ActiveCfg = Debug|Any CPU
		{79B7F32E-7B92-49AD-AD7D-DA693FE4D78F}.Debug|Any CPU.Build.0 = Debug|Any CPU
		{79B7F32E-7B92-49AD-AD7D-DA693FE4D78F}.Release|Any CPU.ActiveCfg = Release|Any CPU
		{79B7F32E-7B92-49AD-AD7D-DA693FE4D78F}.Release|Any CPU.Build.0 = Release|Any CPU
	EndGlobalSection
	GlobalSection(SolutionProperties) = preSolution
		HideSolutionNode = FALSE
	EndGlobalSection
	GlobalSection(NestedProjects) = preSolution
		{3A391B3D-D977-44F7-813A-B903DB0EE072} = {BD9EBD02-3C66-4D7A-B360-8FE9B4A5A06A}
		{8A5654D3-7249-443F-B806-604726ABD3E7} = {6AAB92B3-E1AE-4B58-9697-147077E922E6}
		{03F77373-A3B1-4C3A-9B6E-8044BACB9E4C} = {CB729C33-795B-4286-9685-2B857AEDB7A6}
		{065778E5-7FB8-47D9-8F1F-770223975B6D} = {CB729C33-795B-4286-9685-2B857AEDB7A6}
		{4FE4A5B5-8DBD-4C82-9324-13D017B404D5} = {3C703580-14EC-4383-B38D-82896C3FA72E}
		{8E839000-9CBF-4C60-AE06-D879FACC6420} = {CB729C33-795B-4286-9685-2B857AEDB7A6}
		{9A97464D-C946-4C8C-8DA1-AA80CCD2C7E3} = {CB729C33-795B-4286-9685-2B857AEDB7A6}
		{7EC9AA82-1377-443F-B7C1-128175B2CE81} = {6B4F6AD1-669A-4BD6-9431-C7F8FFF753CF}
		{79B7F32E-7B92-49AD-AD7D-DA693FE4D78F} = {740518BD-9FB3-4C5E-8EF0-6F05477B3429}
	EndGlobalSection
EndGlobal
